
Microsoft Visual Studio Solution File, Format Version 12.00
# Visual Studio Version 16
VisualStudioVersion = 16.0.29911.84
MinimumVisualStudioVersion = 10.0.40219.1
Project("{8BC9CEB8-8B4A-11D0-8D11-00A0C91BC942}") = "BangtalGameProject", "BangtalGameProject.vcxproj", "{7C584B91-3F41-4D5F-9658-00AACFED5496}"
EndProject
Project("{54435603-DBB4-11D2-8724-00A0C9A8B90C}") = "Bangtal_Installer", "..\Bangtal_Installer\Bangtal_Installer.vdproj", "{92FD9C8E-FCF0-4CF5-BCA2-835F1C0C1E22}"
EndProject
Global
	GlobalSection(SolutionConfigurationPlatforms) = preSolution
		Debug|x64 = Debug|x64
		Debug|x86 = Debug|x86
		Release|x64 = Release|x64
		Release|x86 = Release|x86
	EndGlobalSection
	GlobalSection(ProjectConfigurationPlatforms) = postSolution
		{7C584B91-3F41-4D5F-9658-00AACFED5496}.Debug|x64.ActiveCfg = Debug|x64
		{7C584B91-3F41-4D5F-9658-00AACFED5496}.Debug|x64.Build.0 = Debug|x64
		{7C584B91-3F41-4D5F-9658-00AACFED5496}.Debug|x86.ActiveCfg = Debug|Win32
		{7C584B91-3F41-4D5F-9658-00AACFED5496}.Debug|x86.Build.0 = Debug|Win32
		{7C584B91-3F41-4D5F-9658-00AACFED5496}.Release|x64.ActiveCfg = Release|x64
		{7C584B91-3F41-4D5F-9658-00AACFED5496}.Release|x64.Build.0 = Release|x64
		{7C584B91-3F41-4D5F-9658-00AACFED5496}.Release|x86.ActiveCfg = Release|Win32
		{7C584B91-3F41-4D5F-9658-00AACFED5496}.Release|x86.Build.0 = Release|Win32
		{92FD9C8E-FCF0-4CF5-BCA2-835F1C0C1E22}.Debug|x64.ActiveCfg = Debug
		{92FD9C8E-FCF0-4CF5-BCA2-835F1C0C1E22}.Debug|x86.ActiveCfg = Debug
		{92FD9C8E-FCF0-4CF5-BCA2-835F1C0C1E22}.Release|x64.ActiveCfg = Release
		{92FD9C8E-FCF0-4CF5-BCA2-835F1C0C1E22}.Release|x86.ActiveCfg = Release
	EndGlobalSection
	GlobalSection(SolutionProperties) = preSolution
		HideSolutionNode = FALSE
	EndGlobalSection
	GlobalSection(ExtensibilityGlobals) = postSolution
		SolutionGuid = {E31ADA0F-CEDB-4F79-86E6-5739F22C8CD5}
	EndGlobalSection
EndGlobal
